// !$*UTF8*$!
{
	archiveVersion = 1;
	classes = {
	};
	objectVersion = 56;
	objects = {

/* Begin PBXBuildFile section */
		1F0C92782C70EC930027E313 /* Tender_CloneApp.swift in Sources */ = {isa = PBXBuildFile; fileRef = 1F0C92772C70EC930027E313 /* Tender_CloneApp.swift */; };
		1F0C927A2C70EC930027E313 /* ContentView.swift in Sources */ = {isa = PBXBuildFile; fileRef = 1F0C92792C70EC930027E313 /* ContentView.swift */; };
		1F0C927C2C70EC950027E313 /* Assets.xcassets in Resources */ = {isa = PBXBuildFile; fileRef = 1F0C927B2C70EC950027E313 /* Assets.xcassets */; };
		1F0C927F2C70EC950027E313 /* Preview Assets.xcassets in Resources */ = {isa = PBXBuildFile; fileRef = 1F0C927E2C70EC950027E313 /* Preview Assets.xcassets */; };
		1F0C92902C70EE3B0027E313 /* MainTabView.swift in Sources */ = {isa = PBXBuildFile; fileRef = 1F0C928F2C70EE3B0027E313 /* MainTabView.swift */; };
		1F0C92932C70EFDF0027E313 /* CardView.swift in Sources */ = {isa = PBXBuildFile; fileRef = 1F0C92922C70EFDF0027E313 /* CardView.swift */; };
		1F0C92952C70F3F00027E313 /* UserInfoView.swift in Sources */ = {isa = PBXBuildFile; fileRef = 1F0C92942C70F3F00027E313 /* UserInfoView.swift */; };
		1F0C92972C70FCD60027E313 /* SwipeActionIndicatorView.swift in Sources */ = {isa = PBXBuildFile; fileRef = 1F0C92962C70FCD60027E313 /* SwipeActionIndicatorView.swift */; };
		1F0C929C2C70FF020027E313 /* SizeConstans.swift in Sources */ = {isa = PBXBuildFile; fileRef = 1F0C929B2C70FF020027E313 /* SizeConstans.swift */; };
		1F0C929E2C7101080027E313 /* imageScrollingOverlay.swift in Sources */ = {isa = PBXBuildFile; fileRef = 1F0C929D2C7101080027E313 /* imageScrollingOverlay.swift */; };
		1F0C92A02C710A5C0027E313 /* CardImageIndicatorView.swift in Sources */ = {isa = PBXBuildFile; fileRef = 1F0C929F2C710A5C0027E313 /* CardImageIndicatorView.swift */; };
		1F0C92A22C710EC80027E313 /* CardStackView.swift in Sources */ = {isa = PBXBuildFile; fileRef = 1F0C92A12C710EC80027E313 /* CardStackView.swift */; };
		1F0C92A62C7111B20027E313 /* User.swift in Sources */ = {isa = PBXBuildFile; fileRef = 1F0C92A52C7111B20027E313 /* User.swift */; };
		1F0C92A92C7112200027E313 /* CardModel.swift in Sources */ = {isa = PBXBuildFile; fileRef = 1F0C92A82C7112200027E313 /* CardModel.swift */; };
/* End PBXBuildFile section */

/* Begin PBXFileReference section */
		1F0C92742C70EC930027E313 /* Tender-Clone.app */ = {isa = PBXFileReference; explicitFileType = wrapper.application; includeInIndex = 0; path = "Tender-Clone.app"; sourceTree = BUILT_PRODUCTS_DIR; };
		1F0C92772C70EC930027E313 /* Tender_CloneApp.swift */ = {isa = PBXFileReference; lastKnownFileType = sourcecode.swift; path = Tender_CloneApp.swift; sourceTree = "<group>"; };
		1F0C92792C70EC930027E313 /* ContentView.swift */ = {isa = PBXFileReference; lastKnownFileType = sourcecode.swift; path = ContentView.swift; sourceTree = "<group>"; };
		1F0C927B2C70EC950027E313 /* Assets.xcassets */ = {isa = PBXFileReference; lastKnownFileType = folder.assetcatalog; path = Assets.xcassets; sourceTree = "<group>"; };
		1F0C927E2C70EC950027E313 /* Preview Assets.xcassets */ = {isa = PBXFileReference; lastKnownFileType = folder.assetcatalog; path = "Preview Assets.xcassets"; sourceTree = "<group>"; };
		1F0C928F2C70EE3B0027E313 /* MainTabView.swift */ = {isa = PBXFileReference; lastKnownFileType = sourcecode.swift; path = MainTabView.swift; sourceTree = "<group>"; };
		1F0C92922C70EFDF0027E313 /* CardView.swift */ = {isa = PBXFileReference; lastKnownFileType = sourcecode.swift; path = CardView.swift; sourceTree = "<group>"; };
		1F0C92942C70F3F00027E313 /* UserInfoView.swift */ = {isa = PBXFileReference; lastKnownFileType = sourcecode.swift; path = UserInfoView.swift; sourceTree = "<group>"; };
		1F0C92962C70FCD60027E313 /* SwipeActionIndicatorView.swift */ = {isa = PBXFileReference; lastKnownFileType = sourcecode.swift; path = SwipeActionIndicatorView.swift; sourceTree = "<group>"; };
		1F0C929B2C70FF020027E313 /* SizeConstans.swift */ = {isa = PBXFileReference; lastKnownFileType = sourcecode.swift; path = SizeConstans.swift; sourceTree = "<group>"; };
		1F0C929D2C7101080027E313 /* imageScrollingOverlay.swift */ = {isa = PBXFileReference; lastKnownFileType = sourcecode.swift; path = imageScrollingOverlay.swift; sourceTree = "<group>"; };
		1F0C929F2C710A5C0027E313 /* CardImageIndicatorView.swift */ = {isa = PBXFileReference; lastKnownFileType = sourcecode.swift; path = CardImageIndicatorView.swift; sourceTree = "<group>"; };
		1F0C92A12C710EC80027E313 /* CardStackView.swift */ = {isa = PBXFileReference; lastKnownFileType = sourcecode.swift; path = CardStackView.swift; sourceTree = "<group>"; };
		1F0C92A52C7111B20027E313 /* User.swift */ = {isa = PBXFileReference; lastKnownFileType = sourcecode.swift; path = User.swift; sourceTree = "<group>"; };
		1F0C92A82C7112200027E313 /* CardModel.swift */ = {isa = PBXFileReference; lastKnownFileType = sourcecode.swift; path = CardModel.swift; sourceTree = "<group>"; };
/* End PBXFileReference section */

/* Begin PBXFrameworksBuildPhase section */
		1F0C92712C70EC930027E313 /* Frameworks */ = {
			isa = PBXFrameworksBuildPhase;
			buildActionMask = 2147483647;
			files = (
			);
			runOnlyForDeploymentPostprocessing = 0;
		};
/* End PBXFrameworksBuildPhase section */

/* Begin PBXGroup section */
		1F0C926B2C70EC930027E313 = {
			isa = PBXGroup;
			children = (
				1F0C92762C70EC930027E313 /* Tender-Clone */,
				1F0C92752C70EC930027E313 /* Products */,
			);
			sourceTree = "<group>";
		};
		1F0C92752C70EC930027E313 /* Products */ = {
			isa = PBXGroup;
			children = (
				1F0C92742C70EC930027E313 /* Tender-Clone.app */,
			);
			name = Products;
			sourceTree = "<group>";
		};
		1F0C92762C70EC930027E313 /* Tender-Clone */ = {
			isa = PBXGroup;
			children = (
				1F0C92882C70ED000027E313 /* App */,
				1F0C92892C70ED0A0027E313 /* Core */,
				1F0C92872C70ECF80027E313 /* Extensions */,
				1F0C92862C70ECF50027E313 /* Shared */,
				1F0C92852C70ECDA0027E313 /* Utils */,
				1F0C92772C70EC930027E313 /* Tender_CloneApp.swift */,
				1F0C92792C70EC930027E313 /* ContentView.swift */,
				1F0C927B2C70EC950027E313 /* Assets.xcassets */,
				1F0C927D2C70EC950027E313 /* Preview Content */,
			);
			path = "Tender-Clone";
			sourceTree = "<group>";
		};
		1F0C927D2C70EC950027E313 /* Preview Content */ = {
			isa = PBXGroup;
			children = (
				1F0C927E2C70EC950027E313 /* Preview Assets.xcassets */,
			);
			path = "Preview Content";
			sourceTree = "<group>";
		};
		1F0C92852C70ECDA0027E313 /* Utils */ = {
			isa = PBXGroup;
			children = (
				1F0C92982C70FECD0027E313 /* Constans */,
			);
			path = Utils;
			sourceTree = "<group>";
		};
		1F0C92862C70ECF50027E313 /* Shared */ = {
			isa = PBXGroup;
			children = (
				1F0C92A32C7111A00027E313 /* Users */,
			);
			path = Shared;
			sourceTree = "<group>";
		};
		1F0C92872C70ECF80027E313 /* Extensions */ = {
			isa = PBXGroup;
			children = (
			);
			path = Extensions;
			sourceTree = "<group>";
		};
		1F0C92882C70ED000027E313 /* App */ = {
			isa = PBXGroup;
			children = (
			);
			path = App;
			sourceTree = "<group>";
		};
		1F0C92892C70ED0A0027E313 /* Core */ = {
			isa = PBXGroup;
			children = (
				1F0C928B2C70EDBB0027E313 /* Cards */,
				1F0C928E2C70EDD70027E313 /* Messaging */,
				1F0C928C2C70EDC20027E313 /* Profile */,
				1F0C928D2C70EDCB0027E313 /* Search */,
				1F0C928A2C70EDB20027E313 /* TabBar */,
			);
			path = Core;
			sourceTree = "<group>";
		};
		1F0C928A2C70EDB20027E313 /* TabBar */ = {
			isa = PBXGroup;
			children = (
				1F0C928F2C70EE3B0027E313 /* MainTabView.swift */,
			);
			path = TabBar;
			sourceTree = "<group>";
		};
		1F0C928B2C70EDBB0027E313 /* Cards */ = {
			isa = PBXGroup;
			children = (
				1F0C92A72C7112140027E313 /* Model */,
				1F0C92912C70EFC70027E313 /* Views */,
			);
			path = Cards;
			sourceTree = "<group>";
		};
		1F0C928C2C70EDC20027E313 /* Profile */ = {
			isa = PBXGroup;
			children = (
			);
			path = Profile;
			sourceTree = "<group>";
		};
		1F0C928D2C70EDCB0027E313 /* Search */ = {
			isa = PBXGroup;
			children = (
			);
			path = Search;
			sourceTree = "<group>";
		};
		1F0C928E2C70EDD70027E313 /* Messaging */ = {
			isa = PBXGroup;
			children = (
			);
			path = Messaging;
			sourceTree = "<group>";
		};
		1F0C92912C70EFC70027E313 /* Views */ = {
			isa = PBXGroup;
			children = (
				1F0C92922C70EFDF0027E313 /* CardView.swift */,
				1F0C92942C70F3F00027E313 /* UserInfoView.swift */,
				1F0C92962C70FCD60027E313 /* SwipeActionIndicatorView.swift */,
				1F0C929D2C7101080027E313 /* imageScrollingOverlay.swift */,
				1F0C929F2C710A5C0027E313 /* CardImageIndicatorView.swift */,
				1F0C92A12C710EC80027E313 /* CardStackView.swift */,
			);
			path = Views;
			sourceTree = "<group>";
		};
		1F0C92982C70FECD0027E313 /* Constans */ = {
			isa = PBXGroup;
			children = (
				1F0C929B2C70FF020027E313 /* SizeConstans.swift */,
			);
			path = Constans;
			sourceTree = "<group>";
		};
		1F0C92A32C7111A00027E313 /* Users */ = {
			isa = PBXGroup;
			children = (
				1F0C92A42C7111A40027E313 /* Model */,
			);
			path = Users;
			sourceTree = "<group>";
		};
		1F0C92A42C7111A40027E313 /* Model */ = {
			isa = PBXGroup;
			children = (
				1F0C92A52C7111B20027E313 /* User.swift */,
			);
			path = Model;
			sourceTree = "<group>";
		};
		1F0C92A72C7112140027E313 /* Model */ = {
			isa = PBXGroup;
			children = (
				1F0C92A82C7112200027E313 /* CardModel.swift */,
			);
			path = Model;
			sourceTree = "<group>";
		};
/* End PBXGroup section */

/* Begin PBXNativeTarget section */
		1F0C92732C70EC930027E313 /* Tender-Clone */ = {
			isa = PBXNativeTarget;
			buildConfigurationList = 1F0C92822C70EC950027E313 /* Build configuration list for PBXNativeTarget "Tender-Clone" */;
			buildPhases = (
				1F0C92702C70EC930027E313 /* Sources */,
				1F0C92712C70EC930027E313 /* Frameworks */,
				1F0C92722C70EC930027E313 /* Resources */,
			);
			buildRules = (
			);
			dependencies = (
			);
			name = "Tender-Clone";
			productName = "Tender-Clone";
			productReference = 1F0C92742C70EC930027E313 /* Tender-Clone.app */;
			productType = "com.apple.product-type.application";
		};
/* End PBXNativeTarget section */

/* Begin PBXProject section */
		1F0C926C2C70EC930027E313 /* Project object */ = {
			isa = PBXProject;
			attributes = {
				BuildIndependentTargetsInParallel = 1;
				LastSwiftUpdateCheck = 1540;
				LastUpgradeCheck = 1540;
				TargetAttributes = {
					1F0C92732C70EC930027E313 = {
						CreatedOnToolsVersion = 15.4;
					};
				};
			};
			buildConfigurationList = 1F0C926F2C70EC930027E313 /* Build configuration list for PBXProject "Tender-Clone" */;
			compatibilityVersion = "Xcode 14.0";
			developmentRegion = en;
			hasScannedForEncodings = 0;
			knownRegions = (
				en,
				Base,
			);
			mainGroup = 1F0C926B2C70EC930027E313;
			productRefGroup = 1F0C92752C70EC930027E313 /* Products */;
			projectDirPath = "";
			projectRoot = "";
			targets = (
				1F0C92732C70EC930027E313 /* Tender-Clone */,
			);
		};
/* End PBXProject section */

/* Begin PBXResourcesBuildPhase section */
		1F0C92722C70EC930027E313 /* Resources */ = {
			isa = PBXResourcesBuildPhase;
			buildActionMask = 2147483647;
			files = (
				1F0C927F2C70EC950027E313 /* Preview Assets.xcassets in Resources */,
				1F0C927C2C70EC950027E313 /* Assets.xcassets in Resources */,
			);
			runOnlyForDeploymentPostprocessing = 0;
		};
/* End PBXResourcesBuildPhase section */

/* Begin PBXSourcesBuildPhase section */
		1F0C92702C70EC930027E313 /* Sources */ = {
			isa = PBXSourcesBuildPhase;
			buildActionMask = 2147483647;
			files = (
				1F0C929E2C7101080027E313 /* imageScrollingOverlay.swift in Sources */,
				1F0C929C2C70FF020027E313 /* SizeConstans.swift in Sources */,
				1F0C92902C70EE3B0027E313 /* MainTabView.swift in Sources */,
				1F0C92972C70FCD60027E313 /* SwipeActionIndicatorView.swift in Sources */,
				1F0C92A02C710A5C0027E313 /* CardImageIndicatorView.swift in Sources */,
				1F0C92A92C7112200027E313 /* CardModel.swift in Sources */,
				1F0C92A22C710EC80027E313 /* CardStackView.swift in Sources */,
				1F0C927A2C70EC930027E313 /* ContentView.swift in Sources */,
				1F0C92932C70EFDF0027E313 /* CardView.swift in Sources */,
				1F0C92782C70EC930027E313 /* Tender_CloneApp.swift in Sources */,
				1F0C92952C70F3F00027E313 /* UserInfoView.swift in Sources */,
				1F0C92A62C7111B20027E313 /* User.swift in Sources */,
			);
			runOnlyForDeploymentPostprocessing = 0;
		};
/* End PBXSourcesBuildPhase section */

/* Begin XCBuildConfiguration section */
		1F0C92802C70EC950027E313 /* Debug */ = {
			isa = XCBuildConfiguration;
			buildSettings = {
				ALWAYS_SEARCH_USER_PATHS = NO;
				ASSETCATALOG_COMPILER_GENERATE_SWIFT_ASSET_SYMBOL_EXTENSIONS = YES;
				CLANG_ANALYZER_NONNULL = YES;
				CLANG_ANALYZER_NUMBER_OBJECT_CONVERSION = YES_AGGRESSIVE;
				CLANG_CXX_LANGUAGE_STANDARD = "gnu++20";
				CLANG_ENABLE_MODULES = YES;
				CLANG_ENABLE_OBJC_ARC = YES;
				CLANG_ENABLE_OBJC_WEAK = YES;
				CLANG_WARN_BLOCK_CAPTURE_AUTORELEASING = YES;
				CLANG_WARN_BOOL_CONVERSION = YES;
				CLANG_WARN_COMMA = YES;
				CLANG_WARN_CONSTANT_CONVERSION = YES;
				CLANG_WARN_DEPRECATED_OBJC_IMPLEMENTATIONS = YES;
				CLANG_WARN_DIRECT_OBJC_ISA_USAGE = YES_ERROR;
				CLANG_WARN_DOCUMENTATION_COMMENTS = YES;
				CLANG_WARN_EMPTY_BODY = YES;
				CLANG_WARN_ENUM_CONVERSION = YES;
				CLANG_WARN_INFINITE_RECURSION = YES;
				CLANG_WARN_INT_CONVERSION = YES;
				CLANG_WARN_NON_LITERAL_NULL_CONVERSION = YES;
				CLANG_WARN_OBJC_IMPLICIT_RETAIN_SELF = YES;
				CLANG_WARN_OBJC_LITERAL_CONVERSION = YES;
				CLANG_WARN_OBJC_ROOT_CLASS = YES_ERROR;
				CLANG_WARN_QUOTED_INCLUDE_IN_FRAMEWORK_HEADER = YES;
				CLANG_WARN_RANGE_LOOP_ANALYSIS = YES;
				CLANG_WARN_STRICT_PROTOTYPES = YES;
				CLANG_WARN_SUSPICIOUS_MOVE = YES;
				CLANG_WARN_UNGUARDED_AVAILABILITY = YES_AGGRESSIVE;
				CLANG_WARN_UNREACHABLE_CODE = YES;
				CLANG_WARN__DUPLICATE_METHOD_MATCH = YES;
				COPY_PHASE_STRIP = NO;
				DEBUG_INFORMATION_FORMAT = dwarf;
				ENABLE_STRICT_OBJC_MSGSEND = YES;
				ENABLE_TESTABILITY = YES;
				ENABLE_USER_SCRIPT_SANDBOXING = YES;
				GCC_C_LANGUAGE_STANDARD = gnu17;
				GCC_DYNAMIC_NO_PIC = NO;
				GCC_NO_COMMON_BLOCKS = YES;
				GCC_OPTIMIZATION_LEVEL = 0;
				GCC_PREPROCESSOR_DEFINITIONS = (
					"DEBUG=1",
					"$(inherited)",
				);
				GCC_WARN_64_TO_32_BIT_CONVERSION = YES;
				GCC_WARN_ABOUT_RETURN_TYPE = YES_ERROR;
				GCC_WARN_UNDECLARED_SELECTOR = YES;
				GCC_WARN_UNINITIALIZED_AUTOS = YES_AGGRESSIVE;
				GCC_WARN_UNUSED_FUNCTION = YES;
				GCC_WARN_UNUSED_VARIABLE = YES;
				IPHONEOS_DEPLOYMENT_TARGET = 17.5;
				LOCALIZATION_PREFERS_STRING_CATALOGS = YES;
				MTL_ENABLE_DEBUG_INFO = INCLUDE_SOURCE;
				MTL_FAST_MATH = YES;
				ONLY_ACTIVE_ARCH = YES;
				SDKROOT = iphoneos;
				SWIFT_ACTIVE_COMPILATION_CONDITIONS = "DEBUG $(inherited)";
				SWIFT_OPTIMIZATION_LEVEL = "-Onone";
			};
			name = Debug;
		};
		1F0C92812C70EC950027E313 /* Release */ = {
			isa = XCBuildConfiguration;
			buildSettings = {
				ALWAYS_SEARCH_USER_PATHS = NO;
				ASSETCATALOG_COMPILER_GENERATE_SWIFT_ASSET_SYMBOL_EXTENSIONS = YES;
				CLANG_ANALYZER_NONNULL = YES;
				CLANG_ANALYZER_NUMBER_OBJECT_CONVERSION = YES_AGGRESSIVE;
				CLANG_CXX_LANGUAGE_STANDARD = "gnu++20";
				CLANG_ENABLE_MODULES = YES;
				CLANG_ENABLE_OBJC_ARC = YES;
				CLANG_ENABLE_OBJC_WEAK = YES;
				CLANG_WARN_BLOCK_CAPTURE_AUTORELEASING = YES;
				CLANG_WARN_BOOL_CONVERSION = YES;
				CLANG_WARN_COMMA = YES;
				CLANG_WARN_CONSTANT_CONVERSION = YES;
				CLANG_WARN_DEPRECATED_OBJC_IMPLEMENTATIONS = YES;
				CLANG_WARN_DIRECT_OBJC_ISA_USAGE = YES_ERROR;
				CLANG_WARN_DOCUMENTATION_COMMENTS = YES;
				CLANG_WARN_EMPTY_BODY = YES;
				CLANG_WARN_ENUM_CONVERSION = YES;
				CLANG_WARN_INFINITE_RECURSION = YES;
				CLANG_WARN_INT_CONVERSION = YES;
				CLANG_WARN_NON_LITERAL_NULL_CONVERSION = YES;
				CLANG_WARN_OBJC_IMPLICIT_RETAIN_SELF = YES;
				CLANG_WARN_OBJC_LITERAL_CONVERSION = YES;
				CLANG_WARN_OBJC_ROOT_CLASS = YES_ERROR;
				CLANG_WARN_QUOTED_INCLUDE_IN_FRAMEWORK_HEADER = YES;
				CLANG_WARN_RANGE_LOOP_ANALYSIS = YES;
				CLANG_WARN_STRICT_PROTOTYPES = YES;
				CLANG_WARN_SUSPICIOUS_MOVE = YES;
				CLANG_WARN_UNGUARDED_AVAILABILITY = YES_AGGRESSIVE;
				CLANG_WARN_UNREACHABLE_CODE = YES;
				CLANG_WARN__DUPLICATE_METHOD_MATCH = YES;
				COPY_PHASE_STRIP = NO;
				DEBUG_INFORMATION_FORMAT = "dwarf-with-dsym";
				ENABLE_NS_ASSERTIONS = NO;
				ENABLE_STRICT_OBJC_MSGSEND = YES;
				ENABLE_USER_SCRIPT_SANDBOXING = YES;
				GCC_C_LANGUAGE_STANDARD = gnu17;
				GCC_NO_COMMON_BLOCKS = YES;
				GCC_WARN_64_TO_32_BIT_CONVERSION = YES;
				GCC_WARN_ABOUT_RETURN_TYPE = YES_ERROR;
				GCC_WARN_UNDECLARED_SELECTOR = YES;
				GCC_WARN_UNINITIALIZED_AUTOS = YES_AGGRESSIVE;
				GCC_WARN_UNUSED_FUNCTION = YES;
				GCC_WARN_UNUSED_VARIABLE = YES;
				IPHONEOS_DEPLOYMENT_TARGET = 17.5;
				LOCALIZATION_PREFERS_STRING_CATALOGS = YES;
				MTL_ENABLE_DEBUG_INFO = NO;
				MTL_FAST_MATH = YES;
				SDKROOT = iphoneos;
				SWIFT_COMPILATION_MODE = wholemodule;
				VALIDATE_PRODUCT = YES;
			};
			name = Release;
		};
		1F0C92832C70EC950027E313 /* Debug */ = {
			isa = XCBuildConfiguration;
			buildSettings = {
				ASSETCATALOG_COMPILER_APPICON_NAME = AppIcon;
				ASSETCATALOG_COMPILER_GLOBAL_ACCENT_COLOR_NAME = AccentColor;
				CODE_SIGN_STYLE = Automatic;
				CURRENT_PROJECT_VERSION = 1;
				DEVELOPMENT_ASSET_PATHS = "\"Tender-Clone/Preview Content\"";
				ENABLE_PREVIEWS = YES;
				GENERATE_INFOPLIST_FILE = YES;
				INFOPLIST_KEY_UIApplicationSceneManifest_Generation = YES;
				INFOPLIST_KEY_UIApplicationSupportsIndirectInputEvents = YES;
				INFOPLIST_KEY_UILaunchScreen_Generation = YES;
				INFOPLIST_KEY_UISupportedInterfaceOrientations_iPad = "UIInterfaceOrientationPortrait UIInterfaceOrientationPortraitUpsideDown UIInterfaceOrientationLandscapeLeft UIInterfaceOrientationLandscapeRight";
				INFOPLIST_KEY_UISupportedInterfaceOrientations_iPhone = "UIInterfaceOrientationPortrait UIInterfaceOrientationLandscapeLeft UIInterfaceOrientationLandscapeRight";
				LD_RUNPATH_SEARCH_PATHS = (
					"$(inherited)",
					"@executable_path/Frameworks",
				);
				MARKETING_VERSION = 1.0;
				PRODUCT_BUNDLE_IDENTIFIER = "dimash.Tender-Clone";
				PRODUCT_NAME = "$(TARGET_NAME)";
				SWIFT_EMIT_LOC_STRINGS = YES;
				SWIFT_VERSION = 5.0;
				TARGETED_DEVICE_FAMILY = "1,2";
			};
			name = Debug;
		};
		1F0C92842C70EC950027E313 /* Release */ = {
			isa = XCBuildConfiguration;
			buildSettings = {
				ASSETCATALOG_COMPILER_APPICON_NAME = AppIcon;
				ASSETCATALOG_COMPILER_GLOBAL_ACCENT_COLOR_NAME = AccentColor;
				CODE_SIGN_STYLE = Automatic;
				CURRENT_PROJECT_VERSION = 1;
				DEVELOPMENT_ASSET_PATHS = "\"Tender-Clone/Preview Content\"";
				ENABLE_PREVIEWS = YES;
				GENERATE_INFOPLIST_FILE = YES;
				INFOPLIST_KEY_UIApplicationSceneManifest_Generation = YES;
				INFOPLIST_KEY_UIApplicationSupportsIndirectInputEvents = YES;
				INFOPLIST_KEY_UILaunchScreen_Generation = YES;
				INFOPLIST_KEY_UISupportedInterfaceOrientations_iPad = "UIInterfaceOrientationPortrait UIInterfaceOrientationPortraitUpsideDown UIInterfaceOrientationLandscapeLeft UIInterfaceOrientationLandscapeRight";
				INFOPLIST_KEY_UISupportedInterfaceOrientations_iPhone = "UIInterfaceOrientationPortrait UIInterfaceOrientationLandscapeLeft UIInterfaceOrientationLandscapeRight";
				LD_RUNPATH_SEARCH_PATHS = (
					"$(inherited)",
					"@executable_path/Frameworks",
				);
				MARKETING_VERSION = 1.0;
				PRODUCT_BUNDLE_IDENTIFIER = "dimash.Tender-Clone";
				PRODUCT_NAME = "$(TARGET_NAME)";
				SWIFT_EMIT_LOC_STRINGS = YES;
				SWIFT_VERSION = 5.0;
				TARGETED_DEVICE_FAMILY = "1,2";
			};
			name = Release;
		};
/* End XCBuildConfiguration section */

/* Begin XCConfigurationList section */
		1F0C926F2C70EC930027E313 /* Build configuration list for PBXProject "Tender-Clone" */ = {
			isa = XCConfigurationList;
			buildConfigurations = (
				1F0C92802C70EC950027E313 /* Debug */,
				1F0C92812C70EC950027E313 /* Release */,
			);
			defaultConfigurationIsVisible = 0;
			defaultConfigurationName = Release;
		};
		1F0C92822C70EC950027E313 /* Build configuration list for PBXNativeTarget "Tender-Clone" */ = {
			isa = XCConfigurationList;
			buildConfigurations = (
				1F0C92832C70EC950027E313 /* Debug */,
				1F0C92842C70EC950027E313 /* Release */,
			);
			defaultConfigurationIsVisible = 0;
			defaultConfigurationName = Release;
		};
/* End XCConfigurationList section */
	};
	rootObject = 1F0C926C2C70EC930027E313 /* Project object */;
}
